
Microsoft Visual Studio Solution File, Format Version 12.00
# Visual Studio Version 16
VisualStudioVersion = 16.0.34031.81
MinimumVisualStudioVersion = 10.0.40219.1
Project("{8BC9CEB8-8B4A-11D0-8D11-00A0C91BC942}") = "txl_2_15", "txl_2_15.vcxproj", "{B533A9EC-C3DA-46D2-A82A-1D4B8450C9CE}"
EndProject
Global
	GlobalSection(SolutionConfigurationPlatforms) = preSolution
		Debug|x64 = Debug|x64
		Debug|x86 = Debug|x86
		Release|x64 = Release|x64
		Release|x86 = Release|x86
	EndGlobalSection
	GlobalSection(ProjectConfigurationPlatforms) = postSolution
		{B533A9EC-C3DA-46D2-A82A-1D4B8450C9CE}.Debug|x64.ActiveCfg = Debug|x64
		{B533A9EC-C3DA-46D2-A82A-1D4B8450C9CE}.Debug|x64.Build.0 = Debug|x64
		{B533A9EC-C3DA-46D2-A82A-1D4B8450C9CE}.Debug|x86.ActiveCfg = Debug|Win32
		{B533A9EC-C3DA-46D2-A82A-1D4B8450C9CE}.Debug|x86.Build.0 = Debug|Win32
		{B533A9EC-C3DA-46D2-A82A-1D4B8450C9CE}.Release|x64.ActiveCfg = Release|x64
		{B533A9EC-C3DA-46D2-A82A-1D4B8450C9CE}.Release|x64.Build.0 = Release|x64
		{B533A9EC-C3DA-46D2-A82A-1D4B8450C9CE}.Release|x86.ActiveCfg = Release|Win32
		{B533A9EC-C3DA-46D2-A82A-1D4B8450C9CE}.Release|x86.Build.0 = Release|Win32
	EndGlobalSection
	GlobalSection(SolutionProperties) = preSolution
		HideSolutionNode = FALSE
	EndGlobalSection
	GlobalSection(ExtensibilityGlobals) = postSolution
		SolutionGuid = {2D32A28D-68AC-4A6F-B2AD-57E4137C0A51}
	EndGlobalSection
EndGlobal
