
Microsoft Visual Studio Solution File, Format Version 12.00
# Visual Studio Version 16
VisualStudioVersion = 16.0.34031.81
MinimumVisualStudioVersion = 10.0.40219.1
Project("{8BC9CEB8-8B4A-11D0-8D11-00A0C91BC942}") = "test_10.18", "test_10.18.vcxproj", "{7F7392B2-D7AB-4035-9037-197E20B9E5BB}"
EndProject
Global
	GlobalSection(SolutionConfigurationPlatforms) = preSolution
		Debug|x64 = Debug|x64
		Debug|x86 = Debug|x86
		Release|x64 = Release|x64
		Release|x86 = Release|x86
	EndGlobalSection
	GlobalSection(ProjectConfigurationPlatforms) = postSolution
		{7F7392B2-D7AB-4035-9037-197E20B9E5BB}.Debug|x64.ActiveCfg = Debug|x64
		{7F7392B2-D7AB-4035-9037-197E20B9E5BB}.Debug|x64.Build.0 = Debug|x64
		{7F7392B2-D7AB-4035-9037-197E20B9E5BB}.Debug|x86.ActiveCfg = Debug|Win32
		{7F7392B2-D7AB-4035-9037-197E20B9E5BB}.Debug|x86.Build.0 = Debug|Win32
		{7F7392B2-D7AB-4035-9037-197E20B9E5BB}.Release|x64.ActiveCfg = Release|x64
		{7F7392B2-D7AB-4035-9037-197E20B9E5BB}.Release|x64.Build.0 = Release|x64
		{7F7392B2-D7AB-4035-9037-197E20B9E5BB}.Release|x86.ActiveCfg = Release|Win32
		{7F7392B2-D7AB-4035-9037-197E20B9E5BB}.Release|x86.Build.0 = Release|Win32
	EndGlobalSection
	GlobalSection(SolutionProperties) = preSolution
		HideSolutionNode = FALSE
	EndGlobalSection
	GlobalSection(ExtensibilityGlobals) = postSolution
		SolutionGuid = {F81F988F-93EE-48E7-9D9B-B7E57153A442}
	EndGlobalSection
EndGlobal
