
Microsoft Visual Studio Solution File, Format Version 12.00
# Visual Studio Version 16
VisualStudioVersion = 16.0.34031.81
MinimumVisualStudioVersion = 10.0.40219.1
Project("{8BC9CEB8-8B4A-11D0-8D11-00A0C91BC942}") = "test_2_16", "test_2_16.vcxproj", "{B4EE458E-59BC-4C4D-A6D7-1C78122221B2}"
EndProject
Global
	GlobalSection(SolutionConfigurationPlatforms) = preSolution
		Debug|x64 = Debug|x64
		Debug|x86 = Debug|x86
		Release|x64 = Release|x64
		Release|x86 = Release|x86
	EndGlobalSection
	GlobalSection(ProjectConfigurationPlatforms) = postSolution
		{B4EE458E-59BC-4C4D-A6D7-1C78122221B2}.Debug|x64.ActiveCfg = Debug|x64
		{B4EE458E-59BC-4C4D-A6D7-1C78122221B2}.Debug|x64.Build.0 = Debug|x64
		{B4EE458E-59BC-4C4D-A6D7-1C78122221B2}.Debug|x86.ActiveCfg = Debug|Win32
		{B4EE458E-59BC-4C4D-A6D7-1C78122221B2}.Debug|x86.Build.0 = Debug|Win32
		{B4EE458E-59BC-4C4D-A6D7-1C78122221B2}.Release|x64.ActiveCfg = Release|x64
		{B4EE458E-59BC-4C4D-A6D7-1C78122221B2}.Release|x64.Build.0 = Release|x64
		{B4EE458E-59BC-4C4D-A6D7-1C78122221B2}.Release|x86.ActiveCfg = Release|Win32
		{B4EE458E-59BC-4C4D-A6D7-1C78122221B2}.Release|x86.Build.0 = Release|Win32
	EndGlobalSection
	GlobalSection(SolutionProperties) = preSolution
		HideSolutionNode = FALSE
	EndGlobalSection
	GlobalSection(ExtensibilityGlobals) = postSolution
		SolutionGuid = {A33CD01B-6816-4986-92A2-AB2C5B6C69FA}
	EndGlobalSection
EndGlobal
